{
  "version": 4,
  "terraform_version": "1.4.6",
  "serial": 48,
  "lineage": "ade65b60-e9d7-3451-7b26-5f74035b0c95",
  "outputs": {},
  "resources": [
    {
      "mode": "managed",
      "type": "aws_ecr_repository",
      "name": "hostspaceBackend",
      "provider": "provider[\"registry.terraform.io/hashicorp/aws\"]",
      "instances": [
        {
          "schema_version": 0,
          "attributes": {
            "arn": "arn:aws:ecr:ca-central-1:568305562431:repository/backend",
            "encryption_configuration": [
              {
                "encryption_type": "AES256",
                "kms_key": ""
              }
            ],
            "force_delete": null,
            "id": "backend",
            "image_scanning_configuration": [
              {
                "scan_on_push": true
              }
            ],
            "image_tag_mutability": "MUTABLE",
            "name": "backend",
            "registry_id": "568305562431",
            "repository_url": "568305562431.dkr.ecr.ca-central-1.amazonaws.com/backend",
            "tags": null,
            "tags_all": {},
            "timeouts": null
          },
          "sensitive_attributes": [],
          "private": "eyJlMmJmYjczMC1lY2FhLTExZTYtOGY4OC0zNDM2M2JjN2M0YzAiOnsiZGVsZXRlIjoxMjAwMDAwMDAwMDAwfX0="
        }
      ]
    },
    {
      "mode": "managed",
      "type": "aws_ecr_repository",
      "name": "hostspaceUi",
      "provider": "provider[\"registry.terraform.io/hashicorp/aws\"]",
      "instances": [
        {
          "schema_version": 0,
          "attributes": {
            "arn": "arn:aws:ecr:ca-central-1:568305562431:repository/ui",
            "encryption_configuration": [
              {
                "encryption_type": "AES256",
                "kms_key": ""
              }
            ],
            "force_delete": null,
            "id": "ui",
            "image_scanning_configuration": [
              {
                "scan_on_push": true
              }
            ],
            "image_tag_mutability": "MUTABLE",
            "name": "ui",
            "registry_id": "568305562431",
            "repository_url": "568305562431.dkr.ecr.ca-central-1.amazonaws.com/ui",
            "tags": null,
            "tags_all": {},
            "timeouts": null
          },
          "sensitive_attributes": [],
          "private": "eyJlMmJmYjczMC1lY2FhLTExZTYtOGY4OC0zNDM2M2JjN2M0YzAiOnsiZGVsZXRlIjoxMjAwMDAwMDAwMDAwfX0="
        }
      ]
    },
    {
      "mode": "managed",
      "type": "aws_ecs_cluster",
      "name": "hostspaceCluster",
      "provider": "provider[\"registry.terraform.io/hashicorp/aws\"]",
      "instances": [
        {
          "schema_version": 0,
          "attributes": {
            "arn": "arn:aws:ecs:ca-central-1:568305562431:cluster/theyemihostspacecluster",
            "configuration": [],
            "id": "arn:aws:ecs:ca-central-1:568305562431:cluster/theyemihostspacecluster",
            "name": "theyemihostspacecluster",
            "service_connect_defaults": [],
            "setting": [
              {
                "name": "containerInsights",
                "value": "disabled"
              }
            ],
            "tags": null,
            "tags_all": {}
          },
          "sensitive_attributes": [],
          "private": "bnVsbA=="
        }
      ]
    },
    {
      "mode": "managed",
      "type": "aws_ecs_task_definition",
      "name": "theyemihostspaceTaskDefinition",
      "provider": "provider[\"registry.terraform.io/hashicorp/aws\"]",
      "instances": [
        {
          "schema_version": 1,
          "attributes": {
            "arn": "arn:aws:ecs:ca-central-1:568305562431:task-definition/theyemihostspaceTaskDefinition:7",
            "arn_without_revision": "arn:aws:ecs:ca-central-1:568305562431:task-definition/theyemihostspaceTaskDefinition",
            "container_definitions": "[{\"cpu\":512,\"environment\":[],\"environmentFiles\":[],\"essential\":true,\"image\":\"568305562431.dkr.ecr.ca-central-1.amazonaws.com/ui\",\"logConfiguration\":{\"logDriver\":\"awslogs\",\"options\":{\"awslogs-create-group\":\"true\",\"awslogs-group\":\"/ecs/theyemihostspaceTaskDefinition\",\"awslogs-region\":\"ca-central-1\",\"awslogs-stream-prefix\":\"ecs\"},\"secretOptions\":[]},\"memory\":1024,\"mountPoints\":[],\"name\":\"ui\",\"portMappings\":[{\"appProtocol\":\"http\",\"containerPort\":80,\"hostPort\":80,\"name\":\"ui-80-tcp\",\"protocol\":\"tcp\"}],\"ulimits\":[],\"volumesFrom\":[]},{\"cpu\":512,\"environment\":[],\"environmentFiles\":[],\"essential\":false,\"image\":\"568305562431.dkr.ecr.ca-central-1.amazonaws.com/backend\",\"memory\":1024,\"mountPoints\":[],\"name\":\"backend\",\"portMappings\":[],\"volumesFrom\":[]}]",
            "cpu": "1024",
            "ephemeral_storage": [],
            "execution_role_arn": "arn:aws:iam::568305562431:role/ecsTaskExecutionRole",
            "family": "theyemihostspaceTaskDefinition",
            "id": "theyemihostspaceTaskDefinition",
            "inference_accelerator": [],
            "ipc_mode": "",
            "memory": "3072",
            "network_mode": "awsvpc",
            "pid_mode": "",
            "placement_constraints": [],
            "proxy_configuration": [],
            "requires_compatibilities": [
              "FARGATE"
            ],
            "revision": 7,
            "runtime_platform": [
              {
                "cpu_architecture": "X86_64",
                "operating_system_family": "LINUX"
              }
            ],
            "skip_destroy": false,
            "tags": null,
            "tags_all": {},
            "task_role_arn": "arn:aws:iam::568305562431:role/ecsTaskExecutionRole",
            "volume": []
          },
          "sensitive_attributes": [],
          "private": "eyJzY2hlbWFfdmVyc2lvbiI6IjEifQ=="
        }
      ]
    }
  ],
  "check_results": null
}
